
Microsoft Visual Studio Solution File, Format Version 12.00
# Visual Studio Version 16
VisualStudioVersion = 16.0.31129.286
MinimumVisualStudioVersion = 10.0.40219.1
Project("{FAE04EC0-301F-11D3-BF4B-00C04F79EFBC}") = "App_reconocimiento_facial", "App_reconocimiento_facial\App_reconocimiento_facial.csproj", "{196B41DF-FB3E-4D9F-AC84-01FB280EC5CF}"
EndProject
Global
	GlobalSection(SolutionConfigurationPlatforms) = preSolution
		Debug|Any CPU = Debug|Any CPU
		Release|Any CPU = Release|Any CPU
	EndGlobalSection
	GlobalSection(ProjectConfigurationPlatforms) = postSolution
		{196B41DF-FB3E-4D9F-AC84-01FB280EC5CF}.Debug|Any CPU.ActiveCfg = Debug|Any CPU
		{196B41DF-FB3E-4D9F-AC84-01FB280EC5CF}.Debug|Any CPU.Build.0 = Debug|Any CPU
		{196B41DF-FB3E-4D9F-AC84-01FB280EC5CF}.Release|Any CPU.ActiveCfg = Release|Any CPU
		{196B41DF-FB3E-4D9F-AC84-01FB280EC5CF}.Release|Any CPU.Build.0 = Release|Any CPU
	EndGlobalSection
	GlobalSection(SolutionProperties) = preSolution
		HideSolutionNode = FALSE
	EndGlobalSection
	GlobalSection(ExtensibilityGlobals) = postSolution
		SolutionGuid = {C8BD16C6-2DED-492F-9A62-5E9A8CAA824D}
	EndGlobalSection
EndGlobal
